// !$*UTF8*$!
{
	archiveVersion = 1;
	classes = {
	};
	objectVersion = 48;
	objects = {

/* Begin PBXBuildFile section */
		4263E138202C3D9000E53CFD /* AppDelegate.swift in Sources */ = {isa = PBXBuildFile; fileRef = 4263E137202C3D9000E53CFD /* AppDelegate.swift */; };
		4263E13A202C3D9000E53CFD /* ViewController.swift in Sources */ = {isa = PBXBuildFile; fileRef = 4263E139202C3D9000E53CFD /* ViewController.swift */; };
		4263E13D202C3D9000E53CFD /* Main.storyboard in Resources */ = {isa = PBXBuildFile; fileRef = 4263E13B202C3D9000E53CFD /* Main.storyboard */; };
		4263E13F202C3D9000E53CFD /* Assets.xcassets in Resources */ = {isa = PBXBuildFile; fileRef = 4263E13E202C3D9000E53CFD /* Assets.xcassets */; };
		4263E142202C3D9000E53CFD /* LaunchScreen.storyboard in Resources */ = {isa = PBXBuildFile; fileRef = 4263E140202C3D9000E53CFD /* LaunchScreen.storyboard */; };
		4263E14D202C3D9000E53CFD /* iQuizTests.swift in Sources */ = {isa = PBXBuildFile; fileRef = 4263E14C202C3D9000E53CFD /* iQuizTests.swift */; };
		4263E158202C3D9000E53CFD /* iQuizUITests.swift in Sources */ = {isa = PBXBuildFile; fileRef = 4263E157202C3D9000E53CFD /* iQuizUITests.swift */; };
/* End PBXBuildFile section */

/* Begin PBXContainerItemProxy section */
		4263E149202C3D9000E53CFD /* PBXContainerItemProxy */ = {
			isa = PBXContainerItemProxy;
			containerPortal = 4263E12C202C3D9000E53CFD /* Project object */;
			proxyType = 1;
			remoteGlobalIDString = 4263E133202C3D9000E53CFD;
			remoteInfo = iQuiz;
		};
		4263E154202C3D9000E53CFD /* PBXContainerItemProxy */ = {
			isa = PBXContainerItemProxy;
			containerPortal = 4263E12C202C3D9000E53CFD /* Project object */;
			proxyType = 1;
			remoteGlobalIDString = 4263E133202C3D9000E53CFD;
			remoteInfo = iQuiz;
		};
/* End PBXContainerItemProxy section */

/* Begin PBXFileReference section */
		4263E134202C3D9000E53CFD /* iQuiz.app */ = {isa = PBXFileReference; explicitFileType = wrapper.application; includeInIndex = 0; path = iQuiz.app; sourceTree = BUILT_PRODUCTS_DIR; };
		4263E137202C3D9000E53CFD /* AppDelegate.swift */ = {isa = PBXFileReference; lastKnownFileType = sourcecode.swift; path = AppDelegate.swift; sourceTree = "<group>"; };
		4263E139202C3D9000E53CFD /* ViewController.swift */ = {isa = PBXFileReference; lastKnownFileType = sourcecode.swift; path = ViewController.swift; sourceTree = "<group>"; };
		4263E13C202C3D9000E53CFD /* Base */ = {isa = PBXFileReference; lastKnownFileType = file.storyboard; name = Base; path = Base.lproj/Main.storyboard; sourceTree = "<group>"; };
		4263E13E202C3D9000E53CFD /* Assets.xcassets */ = {isa = PBXFileReference; lastKnownFileType = folder.assetcatalog; path = Assets.xcassets; sourceTree = "<group>"; };
		4263E141202C3D9000E53CFD /* Base */ = {isa = PBXFileReference; lastKnownFileType = file.storyboard; name = Base; path = Base.lproj/LaunchScreen.storyboard; sourceTree = "<group>"; };
		4263E143202C3D9000E53CFD /* Info.plist */ = {isa = PBXFileReference; lastKnownFileType = text.plist.xml; path = Info.plist; sourceTree = "<group>"; };
		4263E148202C3D9000E53CFD /* iQuizTests.xctest */ = {isa = PBXFileReference; explicitFileType = wrapper.cfbundle; includeInIndex = 0; path = iQuizTests.xctest; sourceTree = BUILT_PRODUCTS_DIR; };
		4263E14C202C3D9000E53CFD /* iQuizTests.swift */ = {isa = PBXFileReference; lastKnownFileType = sourcecode.swift; path = iQuizTests.swift; sourceTree = "<group>"; };
		4263E14E202C3D9000E53CFD /* Info.plist */ = {isa = PBXFileReference; lastKnownFileType = text.plist.xml; path = Info.plist; sourceTree = "<group>"; };
		4263E153202C3D9000E53CFD /* iQuizUITests.xctest */ = {isa = PBXFileReference; explicitFileType = wrapper.cfbundle; includeInIndex = 0; path = iQuizUITests.xctest; sourceTree = BUILT_PRODUCTS_DIR; };
		4263E157202C3D9000E53CFD /* iQuizUITests.swift */ = {isa = PBXFileReference; lastKnownFileType = sourcecode.swift; path = iQuizUITests.swift; sourceTree = "<group>"; };
		4263E159202C3D9000E53CFD /* Info.plist */ = {isa = PBXFileReference; lastKnownFileType = text.plist.xml; path = Info.plist; sourceTree = "<group>"; };
/* End PBXFileReference section */

/* Begin PBXFrameworksBuildPhase section */
		4263E131202C3D9000E53CFD /* Frameworks */ = {
			isa = PBXFrameworksBuildPhase;
			buildActionMask = 2147483647;
			files = (
			);
			runOnlyForDeploymentPostprocessing = 0;
		};
		4263E145202C3D9000E53CFD /* Frameworks */ = {
			isa = PBXFrameworksBuildPhase;
			buildActionMask = 2147483647;
			files = (
			);
			runOnlyForDeploymentPostprocessing = 0;
		};
		4263E150202C3D9000E53CFD /* Frameworks */ = {
			isa = PBXFrameworksBuildPhase;
			buildActionMask = 2147483647;
			files = (
			);
			runOnlyForDeploymentPostprocessing = 0;
		};
/* End PBXFrameworksBuildPhase section */

/* Begin PBXGroup section */
		4263E12B202C3D9000E53CFD = {
			isa = PBXGroup;
			children = (
				4263E136202C3D9000E53CFD /* iQuiz */,
				4263E14B202C3D9000E53CFD /* iQuizTests */,
				4263E156202C3D9000E53CFD /* iQuizUITests */,
				4263E135202C3D9000E53CFD /* Products */,
			);
			sourceTree = "<group>";
		};
		4263E135202C3D9000E53CFD /* Products */ = {
			isa = PBXGroup;
			children = (
				4263E134202C3D9000E53CFD /* iQuiz.app */,
				4263E148202C3D9000E53CFD /* iQuizTests.xctest */,
				4263E153202C3D9000E53CFD /* iQuizUITests.xctest */,
			);
			name = Products;
			sourceTree = "<group>";
		};
		4263E136202C3D9000E53CFD /* iQuiz */ = {
			isa = PBXGroup;
			children = (
				4263E137202C3D9000E53CFD /* AppDelegate.swift */,
				4263E139202C3D9000E53CFD /* ViewController.swift */,
				4263E13B202C3D9000E53CFD /* Main.storyboard */,
				4263E13E202C3D9000E53CFD /* Assets.xcassets */,
				4263E140202C3D9000E53CFD /* LaunchScreen.storyboard */,
				4263E143202C3D9000E53CFD /* Info.plist */,
			);
			path = iQuiz;
			sourceTree = "<group>";
		};
		4263E14B202C3D9000E53CFD /* iQuizTests */ = {
			isa = PBXGroup;
			children = (
				4263E14C202C3D9000E53CFD /* iQuizTests.swift */,
				4263E14E202C3D9000E53CFD /* Info.plist */,
			);
			path = iQuizTests;
			sourceTree = "<group>";
		};
		4263E156202C3D9000E53CFD /* iQuizUITests */ = {
			isa = PBXGroup;
			children = (
				4263E157202C3D9000E53CFD /* iQuizUITests.swift */,
				4263E159202C3D9000E53CFD /* Info.plist */,
			);
			path = iQuizUITests;
			sourceTree = "<group>";
		};
/* End PBXGroup section */

/* Begin PBXNativeTarget section */
		4263E133202C3D9000E53CFD /* iQuiz */ = {
			isa = PBXNativeTarget;
			buildConfigurationList = 4263E15C202C3D9000E53CFD /* Build configuration list for PBXNativeTarget "iQuiz" */;
			buildPhases = (
				4263E130202C3D9000E53CFD /* Sources */,
				4263E131202C3D9000E53CFD /* Frameworks */,
				4263E132202C3D9000E53CFD /* Resources */,
			);
			buildRules = (
			);
			dependencies = (
			);
			name = iQuiz;
			productName = iQuiz;
			productReference = 4263E134202C3D9000E53CFD /* iQuiz.app */;
			productType = "com.apple.product-type.application";
		};
		4263E147202C3D9000E53CFD /* iQuizTests */ = {
			isa = PBXNativeTarget;
			buildConfigurationList = 4263E15F202C3D9000E53CFD /* Build configuration list for PBXNativeTarget "iQuizTests" */;
			buildPhases = (
				4263E144202C3D9000E53CFD /* Sources */,
				4263E145202C3D9000E53CFD /* Frameworks */,
				4263E146202C3D9000E53CFD /* Resources */,
			);
			buildRules = (
			);
			dependencies = (
				4263E14A202C3D9000E53CFD /* PBXTargetDependency */,
			);
			name = iQuizTests;
			productName = iQuizTests;
			productReference = 4263E148202C3D9000E53CFD /* iQuizTests.xctest */;
			productType = "com.apple.product-type.bundle.unit-test";
		};
		4263E152202C3D9000E53CFD /* iQuizUITests */ = {
			isa = PBXNativeTarget;
			buildConfigurationList = 4263E162202C3D9000E53CFD /* Build configuration list for PBXNativeTarget "iQuizUITests" */;
			buildPhases = (
				4263E14F202C3D9000E53CFD /* Sources */,
				4263E150202C3D9000E53CFD /* Frameworks */,
				4263E151202C3D9000E53CFD /* Resources */,
			);
			buildRules = (
			);
			dependencies = (
				4263E155202C3D9000E53CFD /* PBXTargetDependency */,
			);
			name = iQuizUITests;
			productName = iQuizUITests;
			productReference = 4263E153202C3D9000E53CFD /* iQuizUITests.xctest */;
			productType = "com.apple.product-type.bundle.ui-testing";
		};
/* End PBXNativeTarget section */

/* Begin PBXProject section */
		4263E12C202C3D9000E53CFD /* Project object */ = {
			isa = PBXProject;
			attributes = {
				LastSwiftUpdateCheck = 0920;
				LastUpgradeCheck = 0920;
				ORGANIZATIONNAME = "Lisa Koss";
				TargetAttributes = {
					4263E133202C3D9000E53CFD = {
						CreatedOnToolsVersion = 9.2;
						ProvisioningStyle = Automatic;
					};
					4263E147202C3D9000E53CFD = {
						CreatedOnToolsVersion = 9.2;
						ProvisioningStyle = Automatic;
						TestTargetID = 4263E133202C3D9000E53CFD;
					};
					4263E152202C3D9000E53CFD = {
						CreatedOnToolsVersion = 9.2;
						ProvisioningStyle = Automatic;
						TestTargetID = 4263E133202C3D9000E53CFD;
					};
				};
			};
			buildConfigurationList = 4263E12F202C3D9000E53CFD /* Build configuration list for PBXProject "iQuiz" */;
			compatibilityVersion = "Xcode 8.0";
			developmentRegion = en;
			hasScannedForEncodings = 0;
			knownRegions = (
				en,
				Base,
			);
			mainGroup = 4263E12B202C3D9000E53CFD;
			productRefGroup = 4263E135202C3D9000E53CFD /* Products */;
			projectDirPath = "";
			projectRoot = "";
			targets = (
				4263E133202C3D9000E53CFD /* iQuiz */,
				4263E147202C3D9000E53CFD /* iQuizTests */,
				4263E152202C3D9000E53CFD /* iQuizUITests */,
			);
		};
/* End PBXProject section */

/* Begin PBXResourcesBuildPhase section */
		4263E132202C3D9000E53CFD /* Resources */ = {
			isa = PBXResourcesBuildPhase;
			buildActionMask = 2147483647;
			files = (
				4263E142202C3D9000E53CFD /* LaunchScreen.storyboard in Resources */,
				4263E13F202C3D9000E53CFD /* Assets.xcassets in Resources */,
				4263E13D202C3D9000E53CFD /* Main.storyboard in Resources */,
			);
			runOnlyForDeploymentPostprocessing = 0;
		};
		4263E146202C3D9000E53CFD /* Resources */ = {
			isa = PBXResourcesBuildPhase;
			buildActionMask = 2147483647;
			files = (
			);
			runOnlyForDeploymentPostprocessing = 0;
		};
		4263E151202C3D9000E53CFD /* Resources */ = {
			isa = PBXResourcesBuildPhase;
			buildActionMask = 2147483647;
			files = (
			);
			runOnlyForDeploymentPostprocessing = 0;
		};
/* End PBXResourcesBuildPhase section */

/* Begin PBXSourcesBuildPhase section */
		4263E130202C3D9000E53CFD /* Sources */ = {
			isa = PBXSourcesBuildPhase;
			buildActionMask = 2147483647;
			files = (
				4263E13A202C3D9000E53CFD /* ViewController.swift in Sources */,
				4263E138202C3D9000E53CFD /* AppDelegate.swift in Sources */,
			);
			runOnlyForDeploymentPostprocessing = 0;
		};
		4263E144202C3D9000E53CFD /* Sources */ = {
			isa = PBXSourcesBuildPhase;
			buildActionMask = 2147483647;
			files = (
				4263E14D202C3D9000E53CFD /* iQuizTests.swift in Sources */,
			);
			runOnlyForDeploymentPostprocessing = 0;
		};
		4263E14F202C3D9000E53CFD /* Sources */ = {
			isa = PBXSourcesBuildPhase;
			buildActionMask = 2147483647;
			files = (
				4263E158202C3D9000E53CFD /* iQuizUITests.swift in Sources */,
			);
			runOnlyForDeploymentPostprocessing = 0;
		};
/* End PBXSourcesBuildPhase section */

/* Begin PBXTargetDependency section */
		4263E14A202C3D9000E53CFD /* PBXTargetDependency */ = {
			isa = PBXTargetDependency;
			target = 4263E133202C3D9000E53CFD /* iQuiz */;
			targetProxy = 4263E149202C3D9000E53CFD /* PBXContainerItemProxy */;
		};
		4263E155202C3D9000E53CFD /* PBXTargetDependency */ = {
			isa = PBXTargetDependency;
			target = 4263E133202C3D9000E53CFD /* iQuiz */;
			targetProxy = 4263E154202C3D9000E53CFD /* PBXContainerItemProxy */;
		};
/* End PBXTargetDependency section */

/* Begin PBXVariantGroup section */
		4263E13B202C3D9000E53CFD /* Main.storyboard */ = {
			isa = PBXVariantGroup;
			children = (
				4263E13C202C3D9000E53CFD /* Base */,
			);
			name = Main.storyboard;
			sourceTree = "<group>";
		};
		4263E140202C3D9000E53CFD /* LaunchScreen.storyboard */ = {
			isa = PBXVariantGroup;
			children = (
				4263E141202C3D9000E53CFD /* Base */,
			);
			name = LaunchScreen.storyboard;
			sourceTree = "<group>";
		};
/* End PBXVariantGroup section */

/* Begin XCBuildConfiguration section */
		4263E15A202C3D9000E53CFD /* Debug */ = {
			isa = XCBuildConfiguration;
			buildSettings = {
				ALWAYS_SEARCH_USER_PATHS = NO;
				CLANG_ANALYZER_NONNULL = YES;
				CLANG_ANALYZER_NUMBER_OBJECT_CONVERSION = YES_AGGRESSIVE;
				CLANG_CXX_LANGUAGE_STANDARD = "gnu++14";
				CLANG_CXX_LIBRARY = "libc++";
				CLANG_ENABLE_MODULES = YES;
				CLANG_ENABLE_OBJC_ARC = YES;
				CLANG_WARN_BLOCK_CAPTURE_AUTORELEASING = YES;
				CLANG_WARN_BOOL_CONVERSION = YES;
				CLANG_WARN_COMMA = YES;
				CLANG_WARN_CONSTANT_CONVERSION = YES;
				CLANG_WARN_DIRECT_OBJC_ISA_USAGE = YES_ERROR;
				CLANG_WARN_DOCUMENTATION_COMMENTS = YES;
				CLANG_WARN_EMPTY_BODY = YES;
				CLANG_WARN_ENUM_CONVERSION = YES;
				CLANG_WARN_INFINITE_RECURSION = YES;
				CLANG_WARN_INT_CONVERSION = YES;
				CLANG_WARN_NON_LITERAL_NULL_CONVERSION = YES;
				CLANG_WARN_OBJC_LITERAL_CONVERSION = YES;
				CLANG_WARN_OBJC_ROOT_CLASS = YES_ERROR;
				CLANG_WARN_RANGE_LOOP_ANALYSIS = YES;
				CLANG_WARN_STRICT_PROTOTYPES = YES;
				CLANG_WARN_SUSPICIOUS_MOVE = YES;
				CLANG_WARN_UNGUARDED_AVAILABILITY = YES_AGGRESSIVE;
				CLANG_WARN_UNREACHABLE_CODE = YES;
				CLANG_WARN__DUPLICATE_METHOD_MATCH = YES;
				CODE_SIGN_IDENTITY = "iPhone Developer";
				COPY_PHASE_STRIP = NO;
				DEBUG_INFORMATION_FORMAT = dwarf;
				ENABLE_STRICT_OBJC_MSGSEND = YES;
				ENABLE_TESTABILITY = YES;
				GCC_C_LANGUAGE_STANDARD = gnu11;
				GCC_DYNAMIC_NO_PIC = NO;
				GCC_NO_COMMON_BLOCKS = YES;
				GCC_OPTIMIZATION_LEVEL = 0;
				GCC_PREPROCESSOR_DEFINITIONS = (
					"DEBUG=1",
					"$(inherited)",
				);
				GCC_WARN_64_TO_32_BIT_CONVERSION = YES;
				GCC_WARN_ABOUT_RETURN_TYPE = YES_ERROR;
				GCC_WARN_UNDECLARED_SELECTOR = YES;
				GCC_WARN_UNINITIALIZED_AUTOS = YES_AGGRESSIVE;
				GCC_WARN_UNUSED_FUNCTION = YES;
				GCC_WARN_UNUSED_VARIABLE = YES;
				IPHONEOS_DEPLOYMENT_TARGET = 11.2;
				MTL_ENABLE_DEBUG_INFO = YES;
				ONLY_ACTIVE_ARCH = YES;
				SDKROOT = iphoneos;
				SWIFT_ACTIVE_COMPILATION_CONDITIONS = DEBUG;
				SWIFT_OPTIMIZATION_LEVEL = "-Onone";
			};
			name = Debug;
		};
		4263E15B202C3D9000E53CFD /* Release */ = {
			isa = XCBuildConfiguration;
			buildSettings = {
				ALWAYS_SEARCH_USER_PATHS = NO;
				CLANG_ANALYZER_NONNULL = YES;
				CLANG_ANALYZER_NUMBER_OBJECT_CONVERSION = YES_AGGRESSIVE;
				CLANG_CXX_LANGUAGE_STANDARD = "gnu++14";
				CLANG_CXX_LIBRARY = "libc++";
				CLANG_ENABLE_MODULES = YES;
				CLANG_ENABLE_OBJC_ARC = YES;
				CLANG_WARN_BLOCK_CAPTURE_AUTORELEASING = YES;
				CLANG_WARN_BOOL_CONVERSION = YES;
				CLANG_WARN_COMMA = YES;
				CLANG_WARN_CONSTANT_CONVERSION = YES;
				CLANG_WARN_DIRECT_OBJC_ISA_USAGE = YES_ERROR;
				CLANG_WARN_DOCUMENTATION_COMMENTS = YES;
				CLANG_WARN_EMPTY_BODY = YES;
				CLANG_WARN_ENUM_CONVERSION = YES;
				CLANG_WARN_INFINITE_RECURSION = YES;
				CLANG_WARN_INT_CONVERSION = YES;
				CLANG_WARN_NON_LITERAL_NULL_CONVERSION = YES;
				CLANG_WARN_OBJC_LITERAL_CONVERSION = YES;
				CLANG_WARN_OBJC_ROOT_CLASS = YES_ERROR;
				CLANG_WARN_RANGE_LOOP_ANALYSIS = YES;
				CLANG_WARN_STRICT_PROTOTYPES = YES;
				CLANG_WARN_SUSPICIOUS_MOVE = YES;
				CLANG_WARN_UNGUARDED_AVAILABILITY = YES_AGGRESSIVE;
				CLANG_WARN_UNREACHABLE_CODE = YES;
				CLANG_WARN__DUPLICATE_METHOD_MATCH = YES;
				CODE_SIGN_IDENTITY = "iPhone Developer";
				COPY_PHASE_STRIP = NO;
				DEBUG_INFORMATION_FORMAT = "dwarf-with-dsym";
				ENABLE_NS_ASSERTIONS = NO;
				ENABLE_STRICT_OBJC_MSGSEND = YES;
				GCC_C_LANGUAGE_STANDARD = gnu11;
				GCC_NO_COMMON_BLOCKS = YES;
				GCC_WARN_64_TO_32_BIT_CONVERSION = YES;
				GCC_WARN_ABOUT_RETURN_TYPE = YES_ERROR;
				GCC_WARN_UNDECLARED_SELECTOR = YES;
				GCC_WARN_UNINITIALIZED_AUTOS = YES_AGGRESSIVE;
				GCC_WARN_UNUSED_FUNCTION = YES;
				GCC_WARN_UNUSED_VARIABLE = YES;
				IPHONEOS_DEPLOYMENT_TARGET = 11.2;
				MTL_ENABLE_DEBUG_INFO = NO;
				SDKROOT = iphoneos;
				SWIFT_OPTIMIZATION_LEVEL = "-Owholemodule";
				VALIDATE_PRODUCT = YES;
			};
			name = Release;
		};
		4263E15D202C3D9000E53CFD /* Debug */ = {
			isa = XCBuildConfiguration;
			buildSettings = {
				ASSETCATALOG_COMPILER_APPICON_NAME = AppIcon;
				CODE_SIGN_STYLE = Automatic;
				DEVELOPMENT_TEAM = 2LP484FJCE;
				INFOPLIST_FILE = iQuiz/Info.plist;
				LD_RUNPATH_SEARCH_PATHS = "$(inherited) @executable_path/Frameworks";
				PRODUCT_BUNDLE_IDENTIFIER = edu.uw.washington.lisakoss.iQuiz;
				PRODUCT_NAME = "$(TARGET_NAME)";
				SWIFT_VERSION = 4.0;
				TARGETED_DEVICE_FAMILY = "1,2";
			};
			name = Debug;
		};
		4263E15E202C3D9000E53CFD /* Release */ = {
			isa = XCBuildConfiguration;
			buildSettings = {
				ASSETCATALOG_COMPILER_APPICON_NAME = AppIcon;
				CODE_SIGN_STYLE = Automatic;
				DEVELOPMENT_TEAM = 2LP484FJCE;
				INFOPLIST_FILE = iQuiz/Info.plist;
				LD_RUNPATH_SEARCH_PATHS = "$(inherited) @executable_path/Frameworks";
				PRODUCT_BUNDLE_IDENTIFIER = edu.uw.washington.lisakoss.iQuiz;
				PRODUCT_NAME = "$(TARGET_NAME)";
				SWIFT_VERSION = 4.0;
				TARGETED_DEVICE_FAMILY = "1,2";
			};
			name = Release;
		};
		4263E160202C3D9000E53CFD /* Debug */ = {
			isa = XCBuildConfiguration;
			buildSettings = {
				ALWAYS_EMBED_SWIFT_STANDARD_LIBRARIES = YES;
				BUNDLE_LOADER = "$(TEST_HOST)";
				CODE_SIGN_STYLE = Automatic;
				INFOPLIST_FILE = iQuizTests/Info.plist;
				LD_RUNPATH_SEARCH_PATHS = "$(inherited) @executable_path/Frameworks @loader_path/Frameworks";
				PRODUCT_BUNDLE_IDENTIFIER = edu.uw.washington.lisakoss.iQuizTests;
				PRODUCT_NAME = "$(TARGET_NAME)";
				SWIFT_VERSION = 4.0;
				TARGETED_DEVICE_FAMILY = "1,2";
				TEST_HOST = "$(BUILT_PRODUCTS_DIR)/iQuiz.app/iQuiz";
			};
			name = Debug;
		};
		4263E161202C3D9000E53CFD /* Release */ = {
			isa = XCBuildConfiguration;
			buildSettings = {
				ALWAYS_EMBED_SWIFT_STANDARD_LIBRARIES = YES;
				BUNDLE_LOADER = "$(TEST_HOST)";
				CODE_SIGN_STYLE = Automatic;
				INFOPLIST_FILE = iQuizTests/Info.plist;
				LD_RUNPATH_SEARCH_PATHS = "$(inherited) @executable_path/Frameworks @loader_path/Frameworks";
				PRODUCT_BUNDLE_IDENTIFIER = edu.uw.washington.lisakoss.iQuizTests;
				PRODUCT_NAME = "$(TARGET_NAME)";
				SWIFT_VERSION = 4.0;
				TARGETED_DEVICE_FAMILY = "1,2";
				TEST_HOST = "$(BUILT_PRODUCTS_DIR)/iQuiz.app/iQuiz";
			};
			name = Release;
		};
		4263E163202C3D9000E53CFD /* Debug */ = {
			isa = XCBuildConfiguration;
			buildSettings = {
				ALWAYS_EMBED_SWIFT_STANDARD_LIBRARIES = YES;
				CODE_SIGN_STYLE = Automatic;
				INFOPLIST_FILE = iQuizUITests/Info.plist;
				LD_RUNPATH_SEARCH_PATHS = "$(inherited) @executable_path/Frameworks @loader_path/Frameworks";
				PRODUCT_BUNDLE_IDENTIFIER = edu.uw.washington.lisakoss.iQuizUITests;
				PRODUCT_NAME = "$(TARGET_NAME)";
				SWIFT_VERSION = 4.0;
				TARGETED_DEVICE_FAMILY = "1,2";
				TEST_TARGET_NAME = iQuiz;
			};
			name = Debug;
		};
		4263E164202C3D9000E53CFD /* Release */ = {
			isa = XCBuildConfiguration;
			buildSettings = {
				ALWAYS_EMBED_SWIFT_STANDARD_LIBRARIES = YES;
				CODE_SIGN_STYLE = Automatic;
				INFOPLIST_FILE = iQuizUITests/Info.plist;
				LD_RUNPATH_SEARCH_PATHS = "$(inherited) @executable_path/Frameworks @loader_path/Frameworks";
				PRODUCT_BUNDLE_IDENTIFIER = edu.uw.washington.lisakoss.iQuizUITests;
				PRODUCT_NAME = "$(TARGET_NAME)";
				SWIFT_VERSION = 4.0;
				TARGETED_DEVICE_FAMILY = "1,2";
				TEST_TARGET_NAME = iQuiz;
			};
			name = Release;
		};
/* End XCBuildConfiguration section */

/* Begin XCConfigurationList section */
		4263E12F202C3D9000E53CFD /* Build configuration list for PBXProject "iQuiz" */ = {
			isa = XCConfigurationList;
			buildConfigurations = (
				4263E15A202C3D9000E53CFD /* Debug */,
				4263E15B202C3D9000E53CFD /* Release */,
			);
			defaultConfigurationIsVisible = 0;
			defaultConfigurationName = Release;
		};
		4263E15C202C3D9000E53CFD /* Build configuration list for PBXNativeTarget "iQuiz" */ = {
			isa = XCConfigurationList;
			buildConfigurations = (
				4263E15D202C3D9000E53CFD /* Debug */,
				4263E15E202C3D9000E53CFD /* Release */,
			);
			defaultConfigurationIsVisible = 0;
			defaultConfigurationName = Release;
		};
		4263E15F202C3D9000E53CFD /* Build configuration list for PBXNativeTarget "iQuizTests" */ = {
			isa = XCConfigurationList;
			buildConfigurations = (
				4263E160202C3D9000E53CFD /* Debug */,
				4263E161202C3D9000E53CFD /* Release */,
			);
			defaultConfigurationIsVisible = 0;
			defaultConfigurationName = Release;
		};
		4263E162202C3D9000E53CFD /* Build configuration list for PBXNativeTarget "iQuizUITests" */ = {
			isa = XCConfigurationList;
			buildConfigurations = (
				4263E163202C3D9000E53CFD /* Debug */,
				4263E164202C3D9000E53CFD /* Release */,
			);
			defaultConfigurationIsVisible = 0;
			defaultConfigurationName = Release;
		};
/* End XCConfigurationList section */
	};
	rootObject = 4263E12C202C3D9000E53CFD /* Project object */;
}
